// !$*UTF8*$!
{
	archiveVersion = 1;
	classes = {
	};
	objectVersion = 50;
	objects = {

/* Begin PBXBuildFile section */
		6B4057F6233E81EB00DA2376 /* AppDelegate.swift in Sources */ = {isa = PBXBuildFile; fileRef = 6B4057F5233E81EB00DA2376 /* AppDelegate.swift */; };
		6B4057F8233E81EB00DA2376 /* ViewController.swift in Sources */ = {isa = PBXBuildFile; fileRef = 6B4057F7233E81EB00DA2376 /* ViewController.swift */; };
		6B4057FB233E81EB00DA2376 /* Main.storyboard in Resources */ = {isa = PBXBuildFile; fileRef = 6B4057F9233E81EB00DA2376 /* Main.storyboard */; };
		6B4057FD233E81ED00DA2376 /* Assets.xcassets in Resources */ = {isa = PBXBuildFile; fileRef = 6B4057FC233E81ED00DA2376 /* Assets.xcassets */; };
		6B405800233E81ED00DA2376 /* LaunchScreen.storyboard in Resources */ = {isa = PBXBuildFile; fileRef = 6B4057FE233E81ED00DA2376 /* LaunchScreen.storyboard */; };
		6B40580B233E81ED00DA2376 /* WorldTrotterTests.swift in Sources */ = {isa = PBXBuildFile; fileRef = 6B40580A233E81ED00DA2376 /* WorldTrotterTests.swift */; };
		6B405816233E81ED00DA2376 /* WorldTrotterUITests.swift in Sources */ = {isa = PBXBuildFile; fileRef = 6B405815233E81ED00DA2376 /* WorldTrotterUITests.swift */; };
/* End PBXBuildFile section */

/* Begin PBXContainerItemProxy section */
		6B405807233E81ED00DA2376 /* PBXContainerItemProxy */ = {
			isa = PBXContainerItemProxy;
			containerPortal = 6B4057EA233E81EB00DA2376 /* Project object */;
			proxyType = 1;
			remoteGlobalIDString = 6B4057F1233E81EB00DA2376;
			remoteInfo = WorldTrotter;
		};
		6B405812233E81ED00DA2376 /* PBXContainerItemProxy */ = {
			isa = PBXContainerItemProxy;
			containerPortal = 6B4057EA233E81EB00DA2376 /* Project object */;
			proxyType = 1;
			remoteGlobalIDString = 6B4057F1233E81EB00DA2376;
			remoteInfo = WorldTrotter;
		};
/* End PBXContainerItemProxy section */

/* Begin PBXFileReference section */
		6B4057F2233E81EB00DA2376 /* WorldTrotter.app */ = {isa = PBXFileReference; explicitFileType = wrapper.application; includeInIndex = 0; path = WorldTrotter.app; sourceTree = BUILT_PRODUCTS_DIR; };
		6B4057F5233E81EB00DA2376 /* AppDelegate.swift */ = {isa = PBXFileReference; lastKnownFileType = sourcecode.swift; path = AppDelegate.swift; sourceTree = "<group>"; };
		6B4057F7233E81EB00DA2376 /* ViewController.swift */ = {isa = PBXFileReference; lastKnownFileType = sourcecode.swift; path = ViewController.swift; sourceTree = "<group>"; };
		6B4057FA233E81EB00DA2376 /* Base */ = {isa = PBXFileReference; lastKnownFileType = file.storyboard; name = Base; path = Base.lproj/Main.storyboard; sourceTree = "<group>"; };
		6B4057FC233E81ED00DA2376 /* Assets.xcassets */ = {isa = PBXFileReference; lastKnownFileType = folder.assetcatalog; path = Assets.xcassets; sourceTree = "<group>"; };
		6B4057FF233E81ED00DA2376 /* Base */ = {isa = PBXFileReference; lastKnownFileType = file.storyboard; name = Base; path = Base.lproj/LaunchScreen.storyboard; sourceTree = "<group>"; };
		6B405801233E81ED00DA2376 /* Info.plist */ = {isa = PBXFileReference; lastKnownFileType = text.plist.xml; path = Info.plist; sourceTree = "<group>"; };
		6B405806233E81ED00DA2376 /* WorldTrotterTests.xctest */ = {isa = PBXFileReference; explicitFileType = wrapper.cfbundle; includeInIndex = 0; path = WorldTrotterTests.xctest; sourceTree = BUILT_PRODUCTS_DIR; };
		6B40580A233E81ED00DA2376 /* WorldTrotterTests.swift */ = {isa = PBXFileReference; lastKnownFileType = sourcecode.swift; path = WorldTrotterTests.swift; sourceTree = "<group>"; };
		6B40580C233E81ED00DA2376 /* Info.plist */ = {isa = PBXFileReference; lastKnownFileType = text.plist.xml; path = Info.plist; sourceTree = "<group>"; };
		6B405811233E81ED00DA2376 /* WorldTrotterUITests.xctest */ = {isa = PBXFileReference; explicitFileType = wrapper.cfbundle; includeInIndex = 0; path = WorldTrotterUITests.xctest; sourceTree = BUILT_PRODUCTS_DIR; };
		6B405815233E81ED00DA2376 /* WorldTrotterUITests.swift */ = {isa = PBXFileReference; lastKnownFileType = sourcecode.swift; path = WorldTrotterUITests.swift; sourceTree = "<group>"; };
		6B405817233E81ED00DA2376 /* Info.plist */ = {isa = PBXFileReference; lastKnownFileType = text.plist.xml; path = Info.plist; sourceTree = "<group>"; };
/* End PBXFileReference section */

/* Begin PBXFrameworksBuildPhase section */
		6B4057EF233E81EB00DA2376 /* Frameworks */ = {
			isa = PBXFrameworksBuildPhase;
			buildActionMask = 2147483647;
			files = (
			);
			runOnlyForDeploymentPostprocessing = 0;
		};
		6B405803233E81ED00DA2376 /* Frameworks */ = {
			isa = PBXFrameworksBuildPhase;
			buildActionMask = 2147483647;
			files = (
			);
			runOnlyForDeploymentPostprocessing = 0;
		};
		6B40580E233E81ED00DA2376 /* Frameworks */ = {
			isa = PBXFrameworksBuildPhase;
			buildActionMask = 2147483647;
			files = (
			);
			runOnlyForDeploymentPostprocessing = 0;
		};
/* End PBXFrameworksBuildPhase section */

/* Begin PBXGroup section */
		6B4057E9233E81EB00DA2376 = {
			isa = PBXGroup;
			children = (
				6B4057F4233E81EB00DA2376 /* WorldTrotter */,
				6B405809233E81ED00DA2376 /* WorldTrotterTests */,
				6B405814233E81ED00DA2376 /* WorldTrotterUITests */,
				6B4057F3233E81EB00DA2376 /* Products */,
			);
			sourceTree = "<group>";
		};
		6B4057F3233E81EB00DA2376 /* Products */ = {
			isa = PBXGroup;
			children = (
				6B4057F2233E81EB00DA2376 /* WorldTrotter.app */,
				6B405806233E81ED00DA2376 /* WorldTrotterTests.xctest */,
				6B405811233E81ED00DA2376 /* WorldTrotterUITests.xctest */,
			);
			name = Products;
			sourceTree = "<group>";
		};
		6B4057F4233E81EB00DA2376 /* WorldTrotter */ = {
			isa = PBXGroup;
			children = (
				6B4057F5233E81EB00DA2376 /* AppDelegate.swift */,
				6B4057F7233E81EB00DA2376 /* ViewController.swift */,
				6B4057F9233E81EB00DA2376 /* Main.storyboard */,
				6B4057FC233E81ED00DA2376 /* Assets.xcassets */,
				6B4057FE233E81ED00DA2376 /* LaunchScreen.storyboard */,
				6B405801233E81ED00DA2376 /* Info.plist */,
			);
			path = WorldTrotter;
			sourceTree = "<group>";
		};
		6B405809233E81ED00DA2376 /* WorldTrotterTests */ = {
			isa = PBXGroup;
			children = (
				6B40580A233E81ED00DA2376 /* WorldTrotterTests.swift */,
				6B40580C233E81ED00DA2376 /* Info.plist */,
			);
			path = WorldTrotterTests;
			sourceTree = "<group>";
		};
		6B405814233E81ED00DA2376 /* WorldTrotterUITests */ = {
			isa = PBXGroup;
			children = (
				6B405815233E81ED00DA2376 /* WorldTrotterUITests.swift */,
				6B405817233E81ED00DA2376 /* Info.plist */,
			);
			path = WorldTrotterUITests;
			sourceTree = "<group>";
		};
/* End PBXGroup section */

/* Begin PBXNativeTarget section */
		6B4057F1233E81EB00DA2376 /* WorldTrotter */ = {
			isa = PBXNativeTarget;
			buildConfigurationList = 6B40581A233E81ED00DA2376 /* Build configuration list for PBXNativeTarget "WorldTrotter" */;
			buildPhases = (
				6B4057EE233E81EB00DA2376 /* Sources */,
				6B4057EF233E81EB00DA2376 /* Frameworks */,
				6B4057F0233E81EB00DA2376 /* Resources */,
			);
			buildRules = (
			);
			dependencies = (
			);
			name = WorldTrotter;
			productName = WorldTrotter;
			productReference = 6B4057F2233E81EB00DA2376 /* WorldTrotter.app */;
			productType = "com.apple.product-type.application";
		};
		6B405805233E81ED00DA2376 /* WorldTrotterTests */ = {
			isa = PBXNativeTarget;
			buildConfigurationList = 6B40581D233E81ED00DA2376 /* Build configuration list for PBXNativeTarget "WorldTrotterTests" */;
			buildPhases = (
				6B405802233E81ED00DA2376 /* Sources */,
				6B405803233E81ED00DA2376 /* Frameworks */,
				6B405804233E81ED00DA2376 /* Resources */,
			);
			buildRules = (
			);
			dependencies = (
				6B405808233E81ED00DA2376 /* PBXTargetDependency */,
			);
			name = WorldTrotterTests;
			productName = WorldTrotterTests;
			productReference = 6B405806233E81ED00DA2376 /* WorldTrotterTests.xctest */;
			productType = "com.apple.product-type.bundle.unit-test";
		};
		6B405810233E81ED00DA2376 /* WorldTrotterUITests */ = {
			isa = PBXNativeTarget;
			buildConfigurationList = 6B405820233E81ED00DA2376 /* Build configuration list for PBXNativeTarget "WorldTrotterUITests" */;
			buildPhases = (
				6B40580D233E81ED00DA2376 /* Sources */,
				6B40580E233E81ED00DA2376 /* Frameworks */,
				6B40580F233E81ED00DA2376 /* Resources */,
			);
			buildRules = (
			);
			dependencies = (
				6B405813233E81ED00DA2376 /* PBXTargetDependency */,
			);
			name = WorldTrotterUITests;
			productName = WorldTrotterUITests;
			productReference = 6B405811233E81ED00DA2376 /* WorldTrotterUITests.xctest */;
			productType = "com.apple.product-type.bundle.ui-testing";
		};
/* End PBXNativeTarget section */

/* Begin PBXProject section */
		6B4057EA233E81EB00DA2376 /* Project object */ = {
			isa = PBXProject;
			attributes = {
				LastSwiftUpdateCheck = 0940;
				LastUpgradeCheck = 0940;
				ORGANIZATIONNAME = "Rohat Karakuyu";
				TargetAttributes = {
					6B4057F1233E81EB00DA2376 = {
						CreatedOnToolsVersion = 9.4.1;
					};
					6B405805233E81ED00DA2376 = {
						CreatedOnToolsVersion = 9.4.1;
						TestTargetID = 6B4057F1233E81EB00DA2376;
					};
					6B405810233E81ED00DA2376 = {
						CreatedOnToolsVersion = 9.4.1;
						TestTargetID = 6B4057F1233E81EB00DA2376;
					};
				};
			};
			buildConfigurationList = 6B4057ED233E81EB00DA2376 /* Build configuration list for PBXProject "WorldTrotter" */;
			compatibilityVersion = "Xcode 9.3";
			developmentRegion = en;
			hasScannedForEncodings = 0;
			knownRegions = (
				en,
				Base,
			);
			mainGroup = 6B4057E9233E81EB00DA2376;
			productRefGroup = 6B4057F3233E81EB00DA2376 /* Products */;
			projectDirPath = "";
			projectRoot = "";
			targets = (
				6B4057F1233E81EB00DA2376 /* WorldTrotter */,
				6B405805233E81ED00DA2376 /* WorldTrotterTests */,
				6B405810233E81ED00DA2376 /* WorldTrotterUITests */,
			);
		};
/* End PBXProject section */

/* Begin PBXResourcesBuildPhase section */
		6B4057F0233E81EB00DA2376 /* Resources */ = {
			isa = PBXResourcesBuildPhase;
			buildActionMask = 2147483647;
			files = (
				6B405800233E81ED00DA2376 /* LaunchScreen.storyboard in Resources */,
				6B4057FD233E81ED00DA2376 /* Assets.xcassets in Resources */,
				6B4057FB233E81EB00DA2376 /* Main.storyboard in Resources */,
			);
			runOnlyForDeploymentPostprocessing = 0;
		};
		6B405804233E81ED00DA2376 /* Resources */ = {
			isa = PBXResourcesBuildPhase;
			buildActionMask = 2147483647;
			files = (
			);
			runOnlyForDeploymentPostprocessing = 0;
		};
		6B40580F233E81ED00DA2376 /* Resources */ = {
			isa = PBXResourcesBuildPhase;
			buildActionMask = 2147483647;
			files = (
			);
			runOnlyForDeploymentPostprocessing = 0;
		};
/* End PBXResourcesBuildPhase section */

/* Begin PBXSourcesBuildPhase section */
		6B4057EE233E81EB00DA2376 /* Sources */ = {
			isa = PBXSourcesBuildPhase;
			buildActionMask = 2147483647;
			files = (
				6B4057F8233E81EB00DA2376 /* ViewController.swift in Sources */,
				6B4057F6233E81EB00DA2376 /* AppDelegate.swift in Sources */,
			);
			runOnlyForDeploymentPostprocessing = 0;
		};
		6B405802233E81ED00DA2376 /* Sources */ = {
			isa = PBXSourcesBuildPhase;
			buildActionMask = 2147483647;
			files = (
				6B40580B233E81ED00DA2376 /* WorldTrotterTests.swift in Sources */,
			);
			runOnlyForDeploymentPostprocessing = 0;
		};
		6B40580D233E81ED00DA2376 /* Sources */ = {
			isa = PBXSourcesBuildPhase;
			buildActionMask = 2147483647;
			files = (
				6B405816233E81ED00DA2376 /* WorldTrotterUITests.swift in Sources */,
			);
			runOnlyForDeploymentPostprocessing = 0;
		};
/* End PBXSourcesBuildPhase section */

/* Begin PBXTargetDependency section */
		6B405808233E81ED00DA2376 /* PBXTargetDependency */ = {
			isa = PBXTargetDependency;
			target = 6B4057F1233E81EB00DA2376 /* WorldTrotter */;
			targetProxy = 6B405807233E81ED00DA2376 /* PBXContainerItemProxy */;
		};
		6B405813233E81ED00DA2376 /* PBXTargetDependency */ = {
			isa = PBXTargetDependency;
			target = 6B4057F1233E81EB00DA2376 /* WorldTrotter */;
			targetProxy = 6B405812233E81ED00DA2376 /* PBXContainerItemProxy */;
		};
/* End PBXTargetDependency section */

/* Begin PBXVariantGroup section */
		6B4057F9233E81EB00DA2376 /* Main.storyboard */ = {
			isa = PBXVariantGroup;
			children = (
				6B4057FA233E81EB00DA2376 /* Base */,
			);
			name = Main.storyboard;
			sourceTree = "<group>";
		};
		6B4057FE233E81ED00DA2376 /* LaunchScreen.storyboard */ = {
			isa = PBXVariantGroup;
			children = (
				6B4057FF233E81ED00DA2376 /* Base */,
			);
			name = LaunchScreen.storyboard;
			sourceTree = "<group>";
		};
/* End PBXVariantGroup section */

/* Begin XCBuildConfiguration section */
		6B405818233E81ED00DA2376 /* Debug */ = {
			isa = XCBuildConfiguration;
			buildSettings = {
				ALWAYS_SEARCH_USER_PATHS = NO;
				CLANG_ANALYZER_NONNULL = YES;
				CLANG_ANALYZER_NUMBER_OBJECT_CONVERSION = YES_AGGRESSIVE;
				CLANG_CXX_LANGUAGE_STANDARD = "gnu++14";
				CLANG_CXX_LIBRARY = "libc++";
				CLANG_ENABLE_MODULES = YES;
				CLANG_ENABLE_OBJC_ARC = YES;
				CLANG_ENABLE_OBJC_WEAK = YES;
				CLANG_WARN_BLOCK_CAPTURE_AUTORELEASING = YES;
				CLANG_WARN_BOOL_CONVERSION = YES;
				CLANG_WARN_COMMA = YES;
				CLANG_WARN_CONSTANT_CONVERSION = YES;
				CLANG_WARN_DEPRECATED_OBJC_IMPLEMENTATIONS = YES;
				CLANG_WARN_DIRECT_OBJC_ISA_USAGE = YES_ERROR;
				CLANG_WARN_DOCUMENTATION_COMMENTS = YES;
				CLANG_WARN_EMPTY_BODY = YES;
				CLANG_WARN_ENUM_CONVERSION = YES;
				CLANG_WARN_INFINITE_RECURSION = YES;
				CLANG_WARN_INT_CONVERSION = YES;
				CLANG_WARN_NON_LITERAL_NULL_CONVERSION = YES;
				CLANG_WARN_OBJC_IMPLICIT_RETAIN_SELF = YES;
				CLANG_WARN_OBJC_LITERAL_CONVERSION = YES;
				CLANG_WARN_OBJC_ROOT_CLASS = YES_ERROR;
				CLANG_WARN_RANGE_LOOP_ANALYSIS = YES;
				CLANG_WARN_STRICT_PROTOTYPES = YES;
				CLANG_WARN_SUSPICIOUS_MOVE = YES;
				CLANG_WARN_UNGUARDED_AVAILABILITY = YES_AGGRESSIVE;
				CLANG_WARN_UNREACHABLE_CODE = YES;
				CLANG_WARN__DUPLICATE_METHOD_MATCH = YES;
				CODE_SIGN_IDENTITY = "iPhone Developer";
				COPY_PHASE_STRIP = NO;
				DEBUG_INFORMATION_FORMAT = dwarf;
				ENABLE_STRICT_OBJC_MSGSEND = YES;
				ENABLE_TESTABILITY = YES;
				GCC_C_LANGUAGE_STANDARD = gnu11;
				GCC_DYNAMIC_NO_PIC = NO;
				GCC_NO_COMMON_BLOCKS = YES;
				GCC_OPTIMIZATION_LEVEL = 0;
				GCC_PREPROCESSOR_DEFINITIONS = (
					"DEBUG=1",
					"$(inherited)",
				);
				GCC_WARN_64_TO_32_BIT_CONVERSION = YES;
				GCC_WARN_ABOUT_RETURN_TYPE = YES_ERROR;
				GCC_WARN_UNDECLARED_SELECTOR = YES;
				GCC_WARN_UNINITIALIZED_AUTOS = YES_AGGRESSIVE;
				GCC_WARN_UNUSED_FUNCTION = YES;
				GCC_WARN_UNUSED_VARIABLE = YES;
				IPHONEOS_DEPLOYMENT_TARGET = 11.4;
				MTL_ENABLE_DEBUG_INFO = YES;
				ONLY_ACTIVE_ARCH = YES;
				SDKROOT = iphoneos;
				SWIFT_ACTIVE_COMPILATION_CONDITIONS = DEBUG;
				SWIFT_OPTIMIZATION_LEVEL = "-Onone";
			};
			name = Debug;
		};
		6B405819233E81ED00DA2376 /* Release */ = {
			isa = XCBuildConfiguration;
			buildSettings = {
				ALWAYS_SEARCH_USER_PATHS = NO;
				CLANG_ANALYZER_NONNULL = YES;
				CLANG_ANALYZER_NUMBER_OBJECT_CONVERSION = YES_AGGRESSIVE;
				CLANG_CXX_LANGUAGE_STANDARD = "gnu++14";
				CLANG_CXX_LIBRARY = "libc++";
				CLANG_ENABLE_MODULES = YES;
				CLANG_ENABLE_OBJC_ARC = YES;
				CLANG_ENABLE_OBJC_WEAK = YES;
				CLANG_WARN_BLOCK_CAPTURE_AUTORELEASING = YES;
				CLANG_WARN_BOOL_CONVERSION = YES;
				CLANG_WARN_COMMA = YES;
				CLANG_WARN_CONSTANT_CONVERSION = YES;
				CLANG_WARN_DEPRECATED_OBJC_IMPLEMENTATIONS = YES;
				CLANG_WARN_DIRECT_OBJC_ISA_USAGE = YES_ERROR;
				CLANG_WARN_DOCUMENTATION_COMMENTS = YES;
				CLANG_WARN_EMPTY_BODY = YES;
				CLANG_WARN_ENUM_CONVERSION = YES;
				CLANG_WARN_INFINITE_RECURSION = YES;
				CLANG_WARN_INT_CONVERSION = YES;
				CLANG_WARN_NON_LITERAL_NULL_CONVERSION = YES;
				CLANG_WARN_OBJC_IMPLICIT_RETAIN_SELF = YES;
				CLANG_WARN_OBJC_LITERAL_CONVERSION = YES;
				CLANG_WARN_OBJC_ROOT_CLASS = YES_ERROR;
				CLANG_WARN_RANGE_LOOP_ANALYSIS = YES;
				CLANG_WARN_STRICT_PROTOTYPES = YES;
				CLANG_WARN_SUSPICIOUS_MOVE = YES;
				CLANG_WARN_UNGUARDED_AVAILABILITY = YES_AGGRESSIVE;
				CLANG_WARN_UNREACHABLE_CODE = YES;
				CLANG_WARN__DUPLICATE_METHOD_MATCH = YES;
				CODE_SIGN_IDENTITY = "iPhone Developer";
				COPY_PHASE_STRIP = NO;
				DEBUG_INFORMATION_FORMAT = "dwarf-with-dsym";
				ENABLE_NS_ASSERTIONS = NO;
				ENABLE_STRICT_OBJC_MSGSEND = YES;
				GCC_C_LANGUAGE_STANDARD = gnu11;
				GCC_NO_COMMON_BLOCKS = YES;
				GCC_WARN_64_TO_32_BIT_CONVERSION = YES;
				GCC_WARN_ABOUT_RETURN_TYPE = YES_ERROR;
				GCC_WARN_UNDECLARED_SELECTOR = YES;
				GCC_WARN_UNINITIALIZED_AUTOS = YES_AGGRESSIVE;
				GCC_WARN_UNUSED_FUNCTION = YES;
				GCC_WARN_UNUSED_VARIABLE = YES;
				IPHONEOS_DEPLOYMENT_TARGET = 11.4;
				MTL_ENABLE_DEBUG_INFO = NO;
				SDKROOT = iphoneos;
				SWIFT_COMPILATION_MODE = wholemodule;
				SWIFT_OPTIMIZATION_LEVEL = "-O";
				VALIDATE_PRODUCT = YES;
			};
			name = Release;
		};
		6B40581B233E81ED00DA2376 /* Debug */ = {
			isa = XCBuildConfiguration;
			buildSettings = {
				ASSETCATALOG_COMPILER_APPICON_NAME = AppIcon;
				CODE_SIGN_STYLE = Automatic;
				INFOPLIST_FILE = WorldTrotter/Info.plist;
				LD_RUNPATH_SEARCH_PATHS = (
					"$(inherited)",
					"@executable_path/Frameworks",
				);
				PRODUCT_BUNDLE_IDENTIFIER = rohat.karakuyu.WorldTrotter;
				PRODUCT_NAME = "$(TARGET_NAME)";
				SWIFT_VERSION = 4.0;
				TARGETED_DEVICE_FAMILY = "1,2";
			};
			name = Debug;
		};
		6B40581C233E81ED00DA2376 /* Release */ = {
			isa = XCBuildConfiguration;
			buildSettings = {
				ASSETCATALOG_COMPILER_APPICON_NAME = AppIcon;
				CODE_SIGN_STYLE = Automatic;
				INFOPLIST_FILE = WorldTrotter/Info.plist;
				LD_RUNPATH_SEARCH_PATHS = (
					"$(inherited)",
					"@executable_path/Frameworks",
				);
				PRODUCT_BUNDLE_IDENTIFIER = rohat.karakuyu.WorldTrotter;
				PRODUCT_NAME = "$(TARGET_NAME)";
				SWIFT_VERSION = 4.0;
				TARGETED_DEVICE_FAMILY = "1,2";
			};
			name = Release;
		};
		6B40581E233E81ED00DA2376 /* Debug */ = {
			isa = XCBuildConfiguration;
			buildSettings = {
				ALWAYS_EMBED_SWIFT_STANDARD_LIBRARIES = YES;
				BUNDLE_LOADER = "$(TEST_HOST)";
				CODE_SIGN_STYLE = Automatic;
				INFOPLIST_FILE = WorldTrotterTests/Info.plist;
				LD_RUNPATH_SEARCH_PATHS = (
					"$(inherited)",
					"@executable_path/Frameworks",
					"@loader_path/Frameworks",
				);
				PRODUCT_BUNDLE_IDENTIFIER = rohat.karakuyu.WorldTrotterTests;
				PRODUCT_NAME = "$(TARGET_NAME)";
				SWIFT_VERSION = 4.0;
				TARGETED_DEVICE_FAMILY = "1,2";
				TEST_HOST = "$(BUILT_PRODUCTS_DIR)/WorldTrotter.app/WorldTrotter";
			};
			name = Debug;
		};
		6B40581F233E81ED00DA2376 /* Release */ = {
			isa = XCBuildConfiguration;
			buildSettings = {
				ALWAYS_EMBED_SWIFT_STANDARD_LIBRARIES = YES;
				BUNDLE_LOADER = "$(TEST_HOST)";
				CODE_SIGN_STYLE = Automatic;
				INFOPLIST_FILE = WorldTrotterTests/Info.plist;
				LD_RUNPATH_SEARCH_PATHS = (
					"$(inherited)",
					"@executable_path/Frameworks",
					"@loader_path/Frameworks",
				);
				PRODUCT_BUNDLE_IDENTIFIER = rohat.karakuyu.WorldTrotterTests;
				PRODUCT_NAME = "$(TARGET_NAME)";
				SWIFT_VERSION = 4.0;
				TARGETED_DEVICE_FAMILY = "1,2";
				TEST_HOST = "$(BUILT_PRODUCTS_DIR)/WorldTrotter.app/WorldTrotter";
			};
			name = Release;
		};
		6B405821233E81ED00DA2376 /* Debug */ = {
			isa = XCBuildConfiguration;
			buildSettings = {
				ALWAYS_EMBED_SWIFT_STANDARD_LIBRARIES = YES;
				CODE_SIGN_STYLE = Automatic;
				INFOPLIST_FILE = WorldTrotterUITests/Info.plist;
				LD_RUNPATH_SEARCH_PATHS = (
					"$(inherited)",
					"@executable_path/Frameworks",
					"@loader_path/Frameworks",
				);
				PRODUCT_BUNDLE_IDENTIFIER = rohat.karakuyu.WorldTrotterUITests;
				PRODUCT_NAME = "$(TARGET_NAME)";
				SWIFT_VERSION = 4.0;
				TARGETED_DEVICE_FAMILY = "1,2";
				TEST_TARGET_NAME = WorldTrotter;
			};
			name = Debug;
		};
		6B405822233E81ED00DA2376 /* Release */ = {
			isa = XCBuildConfiguration;
			buildSettings = {
				ALWAYS_EMBED_SWIFT_STANDARD_LIBRARIES = YES;
				CODE_SIGN_STYLE = Automatic;
				INFOPLIST_FILE = WorldTrotterUITests/Info.plist;
				LD_RUNPATH_SEARCH_PATHS = (
					"$(inherited)",
					"@executable_path/Frameworks",
					"@loader_path/Frameworks",
				);
				PRODUCT_BUNDLE_IDENTIFIER = rohat.karakuyu.WorldTrotterUITests;
				PRODUCT_NAME = "$(TARGET_NAME)";
				SWIFT_VERSION = 4.0;
				TARGETED_DEVICE_FAMILY = "1,2";
				TEST_TARGET_NAME = WorldTrotter;
			};
			name = Release;
		};
/* End XCBuildConfiguration section */

/* Begin XCConfigurationList section */
		6B4057ED233E81EB00DA2376 /* Build configuration list for PBXProject "WorldTrotter" */ = {
			isa = XCConfigurationList;
			buildConfigurations = (
				6B405818233E81ED00DA2376 /* Debug */,
				6B405819233E81ED00DA2376 /* Release */,
			);
			defaultConfigurationIsVisible = 0;
			defaultConfigurationName = Release;
		};
		6B40581A233E81ED00DA2376 /* Build configuration list for PBXNativeTarget "WorldTrotter" */ = {
			isa = XCConfigurationList;
			buildConfigurations = (
				6B40581B233E81ED00DA2376 /* Debug */,
				6B40581C233E81ED00DA2376 /* Release */,
			);
			defaultConfigurationIsVisible = 0;
			defaultConfigurationName = Release;
		};
		6B40581D233E81ED00DA2376 /* Build configuration list for PBXNativeTarget "WorldTrotterTests" */ = {
			isa = XCConfigurationList;
			buildConfigurations = (
				6B40581E233E81ED00DA2376 /* Debug */,
				6B40581F233E81ED00DA2376 /* Release */,
			);
			defaultConfigurationIsVisible = 0;
			defaultConfigurationName = Release;
		};
		6B405820233E81ED00DA2376 /* Build configuration list for PBXNativeTarget "WorldTrotterUITests" */ = {
			isa = XCConfigurationList;
			buildConfigurations = (
				6B405821233E81ED00DA2376 /* Debug */,
				6B405822233E81ED00DA2376 /* Release */,
			);
			defaultConfigurationIsVisible = 0;
			defaultConfigurationName = Release;
		};
/* End XCConfigurationList section */
	};
	rootObject = 6B4057EA233E81EB00DA2376 /* Project object */;
}
